
Microsoft Visual Studio Solution File, Format Version 15.00
# Visual Studio 15
Project("{2150E333-8FDC-42A3-9474-1A3956D46DE8}") = "src", "src", "{44FFF501-75D0-4392-8709-1E3C09C23898}"
EndProject
Project("{2150E333-8FDC-42A3-9474-1A3956D46DE8}") = "Inventory.Web", "Inventory.Web", "{B3BA5026-CEB7-4633-9B51-F0676DF02451}"
EndProject
Project("{13B669BE-BB05-4DDF-9536-439F39A36129}") = "Inventory.Web", "src\Inventory.Web\Inventory.Web.csproj", "{2D724B9D-7674-49B2-BFEE-FC4E0A16D975}"
EndProject
Project("{2150E333-8FDC-42A3-9474-1A3956D46DE8}") = "test", "test", "{6ED7B0D1-D3C9-46D1-AEB6-37E2767EBE7A}"
EndProject
Project("{2150E333-8FDC-42A3-9474-1A3956D46DE8}") = "Inventory.Tests", "Inventory.Tests", "{D39DAB94-F72B-4E3A-9B02-F7285A974606}"
EndProject
Project("{13B669BE-BB05-4DDF-9536-439F39A36129}") = "Inventory.Tests", "test\Inventory.Tests\Inventory.Tests.csproj", "{A1B3763A-B755-4DEC-9F39-E81131D1AE5D}"
EndProject
Global
	GlobalSection(SolutionConfigurationPlatforms) = preSolution
		Debug|Any CPU = Debug|Any CPU
		Debug|x64 = Debug|x64
		Debug|x86 = Debug|x86
		Release|Any CPU = Release|Any CPU
		Release|x64 = Release|x64
		Release|x86 = Release|x86
	EndGlobalSection
	GlobalSection(ProjectConfigurationPlatforms) = postSolution
		{2D724B9D-7674-49B2-BFEE-FC4E0A16D975}.Debug|Any CPU.ActiveCfg = Debug|Any CPU
		{2D724B9D-7674-49B2-BFEE-FC4E0A16D975}.Debug|Any CPU.Build.0 = Debug|Any CPU
		{2D724B9D-7674-49B2-BFEE-FC4E0A16D975}.Debug|x64.ActiveCfg = Debug|x64
		{2D724B9D-7674-49B2-BFEE-FC4E0A16D975}.Debug|x64.Build.0 = Debug|x64
		{2D724B9D-7674-49B2-BFEE-FC4E0A16D975}.Debug|x86.ActiveCfg = Debug|x86
		{2D724B9D-7674-49B2-BFEE-FC4E0A16D975}.Debug|x86.Build.0 = Debug|x86
		{2D724B9D-7674-49B2-BFEE-FC4E0A16D975}.Release|Any CPU.ActiveCfg = Release|Any CPU
		{2D724B9D-7674-49B2-BFEE-FC4E0A16D975}.Release|Any CPU.Build.0 = Release|Any CPU
		{2D724B9D-7674-49B2-BFEE-FC4E0A16D975}.Release|x64.ActiveCfg = Release|x64
		{2D724B9D-7674-49B2-BFEE-FC4E0A16D975}.Release|x64.Build.0 = Release|x64
		{2D724B9D-7674-49B2-BFEE-FC4E0A16D975}.Release|x86.ActiveCfg = Release|x86
		{2D724B9D-7674-49B2-BFEE-FC4E0A16D975}.Release|x86.Build.0 = Release|x86
		{A1B3763A-B755-4DEC-9F39-E81131D1AE5D}.Debug|Any CPU.ActiveCfg = Debug|Any CPU
		{A1B3763A-B755-4DEC-9F39-E81131D1AE5D}.Debug|Any CPU.Build.0 = Debug|Any CPU
		{A1B3763A-B755-4DEC-9F39-E81131D1AE5D}.Debug|x64.ActiveCfg = Debug|x64
		{A1B3763A-B755-4DEC-9F39-E81131D1AE5D}.Debug|x64.Build.0 = Debug|x64
		{A1B3763A-B755-4DEC-9F39-E81131D1AE5D}.Debug|x86.ActiveCfg = Debug|x86
		{A1B3763A-B755-4DEC-9F39-E81131D1AE5D}.Debug|x86.Build.0 = Debug|x86
		{A1B3763A-B755-4DEC-9F39-E81131D1AE5D}.Release|Any CPU.ActiveCfg = Release|Any CPU
		{A1B3763A-B755-4DEC-9F39-E81131D1AE5D}.Release|Any CPU.Build.0 = Release|Any CPU
		{A1B3763A-B755-4DEC-9F39-E81131D1AE5D}.Release|x64.ActiveCfg = Release|x64
		{A1B3763A-B755-4DEC-9F39-E81131D1AE5D}.Release|x64.Build.0 = Release|x64
		{A1B3763A-B755-4DEC-9F39-E81131D1AE5D}.Release|x86.ActiveCfg = Release|x86
		{A1B3763A-B755-4DEC-9F39-E81131D1AE5D}.Release|x86.Build.0 = Release|x86
	EndGlobalSection
	GlobalSection(NestedProjects) = preSolution
		{B3BA5026-CEB7-4633-9B51-F0676DF02451} = {44FFF501-75D0-4392-8709-1E3C09C23898}
		{2D724B9D-7674-49B2-BFEE-FC4E0A16D975} = {B3BA5026-CEB7-4633-9B51-F0676DF02451}
		{D39DAB94-F72B-4E3A-9B02-F7285A974606} = {6ED7B0D1-D3C9-46D1-AEB6-37E2767EBE7A}
		{A1B3763A-B755-4DEC-9F39-E81131D1AE5D} = {D39DAB94-F72B-4E3A-9B02-F7285A974606}
	EndGlobalSection
EndGlobal
